{
  "name": "berish-linq",
  "version": "2.0.0",
  "lockfileVersion": 1,
  "requires": true,
  "dependencies": {
    "berish-collection": {
      "version": "2.0.1",
      "resolved": "https://registry.npmjs.org/berish-collection/-/berish-collection-2.0.1.tgz",
      "integrity": "sha1-cz/EjJVhIRGjkSqCRehZ+4Hi77s=",
      "requires": {
        "berish-linq": "^2.0.0"
      }
    },
    "berish-linq": {
      "version": "2.0.0",
      "resolved": "https://registry.npmjs.org/berish-linq/-/berish-linq-2.0.0.tgz",
      "integrity": "sha1-D6ensGnoMBTYF5wDY9J8edTO5VE=",
      "requires": {
        "berish-collection": "^2.0.1"
      }
    }
  }
}
